// !$*UTF8*$!
{
	archiveVersion = 1;
	classes = {
	};
	objectVersion = 46;
	objects = {

/* Begin PBXBuildFile section */
		FB0E4A7B1E81F8FA00A8F6A2 /* AppDelegate.swift in Sources */ = {isa = PBXBuildFile; fileRef = FB0E4A7A1E81F8FA00A8F6A2 /* AppDelegate.swift */; };
		FB0E4A7D1E81F8FA00A8F6A2 /* ViewController.swift in Sources */ = {isa = PBXBuildFile; fileRef = FB0E4A7C1E81F8FA00A8F6A2 /* ViewController.swift */; };
		FB0E4A801E81F8FA00A8F6A2 /* Main.storyboard in Resources */ = {isa = PBXBuildFile; fileRef = FB0E4A7E1E81F8FA00A8F6A2 /* Main.storyboard */; };
		FB0E4A821E81F8FA00A8F6A2 /* Assets.xcassets in Resources */ = {isa = PBXBuildFile; fileRef = FB0E4A811E81F8FA00A8F6A2 /* Assets.xcassets */; };
		FB0E4A851E81F8FA00A8F6A2 /* LaunchScreen.storyboard in Resources */ = {isa = PBXBuildFile; fileRef = FB0E4A831E81F8FA00A8F6A2 /* LaunchScreen.storyboard */; };
/* End PBXBuildFile section */

/* Begin PBXFileReference section */
		FB0E4A771E81F8FA00A8F6A2 /* Others Controls in iOS.app */ = {isa = PBXFileReference; explicitFileType = wrapper.application; includeInIndex = 0; path = "Others Controls in iOS.app"; sourceTree = BUILT_PRODUCTS_DIR; };
		FB0E4A7A1E81F8FA00A8F6A2 /* AppDelegate.swift */ = {isa = PBXFileReference; lastKnownFileType = sourcecode.swift; path = AppDelegate.swift; sourceTree = "<group>"; };
		FB0E4A7C1E81F8FA00A8F6A2 /* ViewController.swift */ = {isa = PBXFileReference; lastKnownFileType = sourcecode.swift; path = ViewController.swift; sourceTree = "<group>"; };
		FB0E4A7F1E81F8FA00A8F6A2 /* Base */ = {isa = PBXFileReference; lastKnownFileType = file.storyboard; name = Base; path = Base.lproj/Main.storyboard; sourceTree = "<group>"; };
		FB0E4A811E81F8FA00A8F6A2 /* Assets.xcassets */ = {isa = PBXFileReference; lastKnownFileType = folder.assetcatalog; path = Assets.xcassets; sourceTree = "<group>"; };
		FB0E4A841E81F8FA00A8F6A2 /* Base */ = {isa = PBXFileReference; lastKnownFileType = file.storyboard; name = Base; path = Base.lproj/LaunchScreen.storyboard; sourceTree = "<group>"; };
		FB0E4A861E81F8FA00A8F6A2 /* Info.plist */ = {isa = PBXFileReference; lastKnownFileType = text.plist.xml; path = Info.plist; sourceTree = "<group>"; };
/* End PBXFileReference section */

/* Begin PBXFrameworksBuildPhase section */
		FB0E4A741E81F8FA00A8F6A2 /* Frameworks */ = {
			isa = PBXFrameworksBuildPhase;
			buildActionMask = 2147483647;
			files = (
			);
			runOnlyForDeploymentPostprocessing = 0;
		};
/* End PBXFrameworksBuildPhase section */

/* Begin PBXGroup section */
		FB0E4A6E1E81F8FA00A8F6A2 = {
			isa = PBXGroup;
			children = (
				FB0E4A791E81F8FA00A8F6A2 /* Others Controls in iOS */,
				FB0E4A781E81F8FA00A8F6A2 /* Products */,
			);
			sourceTree = "<group>";
		};
		FB0E4A781E81F8FA00A8F6A2 /* Products */ = {
			isa = PBXGroup;
			children = (
				FB0E4A771E81F8FA00A8F6A2 /* Others Controls in iOS.app */,
			);
			name = Products;
			sourceTree = "<group>";
		};
		FB0E4A791E81F8FA00A8F6A2 /* Others Controls in iOS */ = {
			isa = PBXGroup;
			children = (
				FB0E4A7A1E81F8FA00A8F6A2 /* AppDelegate.swift */,
				FB0E4A7C1E81F8FA00A8F6A2 /* ViewController.swift */,
				FB0E4A7E1E81F8FA00A8F6A2 /* Main.storyboard */,
				FB0E4A811E81F8FA00A8F6A2 /* Assets.xcassets */,
				FB0E4A831E81F8FA00A8F6A2 /* LaunchScreen.storyboard */,
				FB0E4A861E81F8FA00A8F6A2 /* Info.plist */,
			);
			path = "Others Controls in iOS";
			sourceTree = "<group>";
		};
/* End PBXGroup section */

/* Begin PBXNativeTarget section */
		FB0E4A761E81F8FA00A8F6A2 /* Others Controls in iOS */ = {
			isa = PBXNativeTarget;
			buildConfigurationList = FB0E4A891E81F8FA00A8F6A2 /* Build configuration list for PBXNativeTarget "Others Controls in iOS" */;
			buildPhases = (
				FB0E4A731E81F8FA00A8F6A2 /* Sources */,
				FB0E4A741E81F8FA00A8F6A2 /* Frameworks */,
				FB0E4A751E81F8FA00A8F6A2 /* Resources */,
			);
			buildRules = (
			);
			dependencies = (
			);
			name = "Others Controls in iOS";
			productName = "Others Controls in iOS";
			productReference = FB0E4A771E81F8FA00A8F6A2 /* Others Controls in iOS.app */;
			productType = "com.apple.product-type.application";
		};
/* End PBXNativeTarget section */

/* Begin PBXProject section */
		FB0E4A6F1E81F8FA00A8F6A2 /* Project object */ = {
			isa = PBXProject;
			attributes = {
				LastSwiftUpdateCheck = 0800;
				LastUpgradeCheck = 0800;
				ORGANIZATIONNAME = "Jorge Limo";
				TargetAttributes = {
					FB0E4A761E81F8FA00A8F6A2 = {
						CreatedOnToolsVersion = 8.0;
						DevelopmentTeam = P9PVR449G4;
						ProvisioningStyle = Automatic;
					};
				};
			};
			buildConfigurationList = FB0E4A721E81F8FA00A8F6A2 /* Build configuration list for PBXProject "Others Controls in iOS" */;
			compatibilityVersion = "Xcode 3.2";
			developmentRegion = English;
			hasScannedForEncodings = 0;
			knownRegions = (
				en,
				Base,
			);
			mainGroup = FB0E4A6E1E81F8FA00A8F6A2;
			productRefGroup = FB0E4A781E81F8FA00A8F6A2 /* Products */;
			projectDirPath = "";
			projectRoot = "";
			targets = (
				FB0E4A761E81F8FA00A8F6A2 /* Others Controls in iOS */,
			);
		};
/* End PBXProject section */

/* Begin PBXResourcesBuildPhase section */
		FB0E4A751E81F8FA00A8F6A2 /* Resources */ = {
			isa = PBXResourcesBuildPhase;
			buildActionMask = 2147483647;
			files = (
				FB0E4A851E81F8FA00A8F6A2 /* LaunchScreen.storyboard in Resources */,
				FB0E4A821E81F8FA00A8F6A2 /* Assets.xcassets in Resources */,
				FB0E4A801E81F8FA00A8F6A2 /* Main.storyboard in Resources */,
			);
			runOnlyForDeploymentPostprocessing = 0;
		};
/* End PBXResourcesBuildPhase section */

/* Begin PBXSourcesBuildPhase section */
		FB0E4A731E81F8FA00A8F6A2 /* Sources */ = {
			isa = PBXSourcesBuildPhase;
			buildActionMask = 2147483647;
			files = (
				FB0E4A7D1E81F8FA00A8F6A2 /* ViewController.swift in Sources */,
				FB0E4A7B1E81F8FA00A8F6A2 /* AppDelegate.swift in Sources */,
			);
			runOnlyForDeploymentPostprocessing = 0;
		};
/* End PBXSourcesBuildPhase section */

/* Begin PBXVariantGroup section */
		FB0E4A7E1E81F8FA00A8F6A2 /* Main.storyboard */ = {
			isa = PBXVariantGroup;
			children = (
				FB0E4A7F1E81F8FA00A8F6A2 /* Base */,
			);
			name = Main.storyboard;
			sourceTree = "<group>";
		};
		FB0E4A831E81F8FA00A8F6A2 /* LaunchScreen.storyboard */ = {
			isa = PBXVariantGroup;
			children = (
				FB0E4A841E81F8FA00A8F6A2 /* Base */,
			);
			name = LaunchScreen.storyboard;
			sourceTree = "<group>";
		};
/* End PBXVariantGroup section */

/* Begin XCBuildConfiguration section */
		FB0E4A871E81F8FA00A8F6A2 /* Debug */ = {
			isa = XCBuildConfiguration;
			buildSettings = {
				ALWAYS_SEARCH_USER_PATHS = NO;
				CLANG_ANALYZER_NONNULL = YES;
				CLANG_CXX_LANGUAGE_STANDARD = "gnu++0x";
				CLANG_CXX_LIBRARY = "libc++";
				CLANG_ENABLE_MODULES = YES;
				CLANG_ENABLE_OBJC_ARC = YES;
				CLANG_WARN_BOOL_CONVERSION = YES;
				CLANG_WARN_CONSTANT_CONVERSION = YES;
				CLANG_WARN_DIRECT_OBJC_ISA_USAGE = YES_ERROR;
				CLANG_WARN_DOCUMENTATION_COMMENTS = YES;
				CLANG_WARN_EMPTY_BODY = YES;
				CLANG_WARN_ENUM_CONVERSION = YES;
				CLANG_WARN_INFINITE_RECURSION = YES;
				CLANG_WARN_INT_CONVERSION = YES;
				CLANG_WARN_OBJC_ROOT_CLASS = YES_ERROR;
				CLANG_WARN_SUSPICIOUS_MOVES = YES;
				CLANG_WARN_UNREACHABLE_CODE = YES;
				CLANG_WARN__DUPLICATE_METHOD_MATCH = YES;
				"CODE_SIGN_IDENTITY[sdk=iphoneos*]" = "iPhone Developer";
				COPY_PHASE_STRIP = NO;
				DEBUG_INFORMATION_FORMAT = dwarf;
				ENABLE_STRICT_OBJC_MSGSEND = YES;
				ENABLE_TESTABILITY = YES;
				GCC_C_LANGUAGE_STANDARD = gnu99;
				GCC_DYNAMIC_NO_PIC = NO;
				GCC_NO_COMMON_BLOCKS = YES;
				GCC_OPTIMIZATION_LEVEL = 0;
				GCC_PREPROCESSOR_DEFINITIONS = (
					"DEBUG=1",
					"$(inherited)",
				);
				GCC_WARN_64_TO_32_BIT_CONVERSION = YES;
				GCC_WARN_ABOUT_RETURN_TYPE = YES_ERROR;
				GCC_WARN_UNDECLARED_SELECTOR = YES;
				GCC_WARN_UNINITIALIZED_AUTOS = YES_AGGRESSIVE;
				GCC_WARN_UNUSED_FUNCTION = YES;
				GCC_WARN_UNUSED_VARIABLE = YES;
				IPHONEOS_DEPLOYMENT_TARGET = 10.0;
				MTL_ENABLE_DEBUG_INFO = YES;
				ONLY_ACTIVE_ARCH = YES;
				SDKROOT = iphoneos;
				SWIFT_ACTIVE_COMPILATION_CONDITIONS = DEBUG;
				SWIFT_OPTIMIZATION_LEVEL = "-Onone";
				TARGETED_DEVICE_FAMILY = "1,2";
			};
			name = Debug;
		};
		FB0E4A881E81F8FA00A8F6A2 /* Release */ = {
			isa = XCBuildConfiguration;
			buildSettings = {
				ALWAYS_SEARCH_USER_PATHS = NO;
				CLANG_ANALYZER_NONNULL = YES;
				CLANG_CXX_LANGUAGE_STANDARD = "gnu++0x";
				CLANG_CXX_LIBRARY = "libc++";
				CLANG_ENABLE_MODULES = YES;
				CLANG_ENABLE_OBJC_ARC = YES;
				CLANG_WARN_BOOL_CONVERSION = YES;
				CLANG_WARN_CONSTANT_CONVERSION = YES;
				CLANG_WARN_DIRECT_OBJC_ISA_USAGE = YES_ERROR;
				CLANG_WARN_DOCUMENTATION_COMMENTS = YES;
				CLANG_WARN_EMPTY_BODY = YES;
				CLANG_WARN_ENUM_CONVERSION = YES;
				CLANG_WARN_INFINITE_RECURSION = YES;
				CLANG_WARN_INT_CONVERSION = YES;
				CLANG_WARN_OBJC_ROOT_CLASS = YES_ERROR;
				CLANG_WARN_SUSPICIOUS_MOVES = YES;
				CLANG_WARN_UNREACHABLE_CODE = YES;
				CLANG_WARN__DUPLICATE_METHOD_MATCH = YES;
				"CODE_SIGN_IDENTITY[sdk=iphoneos*]" = "iPhone Developer";
				COPY_PHASE_STRIP = NO;
				DEBUG_INFORMATION_FORMAT = "dwarf-with-dsym";
				ENABLE_NS_ASSERTIONS = NO;
				ENABLE_STRICT_OBJC_MSGSEND = YES;
				GCC_C_LANGUAGE_STANDARD = gnu99;
				GCC_NO_COMMON_BLOCKS = YES;
				GCC_WARN_64_TO_32_BIT_CONVERSION = YES;
				GCC_WARN_ABOUT_RETURN_TYPE = YES_ERROR;
				GCC_WARN_UNDECLARED_SELECTOR = YES;
				GCC_WARN_UNINITIALIZED_AUTOS = YES_AGGRESSIVE;
				GCC_WARN_UNUSED_FUNCTION = YES;
				GCC_WARN_UNUSED_VARIABLE = YES;
				IPHONEOS_DEPLOYMENT_TARGET = 10.0;
				MTL_ENABLE_DEBUG_INFO = NO;
				SDKROOT = iphoneos;
				SWIFT_OPTIMIZATION_LEVEL = "-Owholemodule";
				TARGETED_DEVICE_FAMILY = "1,2";
				VALIDATE_PRODUCT = YES;
			};
			name = Release;
		};
		FB0E4A8A1E81F8FA00A8F6A2 /* Debug */ = {
			isa = XCBuildConfiguration;
			buildSettings = {
				ASSETCATALOG_COMPILER_APPICON_NAME = AppIcon;
				DEVELOPMENT_TEAM = P9PVR449G4;
				INFOPLIST_FILE = "Others Controls in iOS/Info.plist";
				LD_RUNPATH_SEARCH_PATHS = "$(inherited) @executable_path/Frameworks";
				PRODUCT_BUNDLE_IDENTIFIER = "pe.ourlimm.Others-Controls-in-iOS";
				PRODUCT_NAME = "$(TARGET_NAME)";
				SWIFT_VERSION = 3.0;
			};
			name = Debug;
		};
		FB0E4A8B1E81F8FA00A8F6A2 /* Release */ = {
			isa = XCBuildConfiguration;
			buildSettings = {
				ASSETCATALOG_COMPILER_APPICON_NAME = AppIcon;
				DEVELOPMENT_TEAM = P9PVR449G4;
				INFOPLIST_FILE = "Others Controls in iOS/Info.plist";
				LD_RUNPATH_SEARCH_PATHS = "$(inherited) @executable_path/Frameworks";
				PRODUCT_BUNDLE_IDENTIFIER = "pe.ourlimm.Others-Controls-in-iOS";
				PRODUCT_NAME = "$(TARGET_NAME)";
				SWIFT_VERSION = 3.0;
			};
			name = Release;
		};
/* End XCBuildConfiguration section */

/* Begin XCConfigurationList section */
		FB0E4A721E81F8FA00A8F6A2 /* Build configuration list for PBXProject "Others Controls in iOS" */ = {
			isa = XCConfigurationList;
			buildConfigurations = (
				FB0E4A871E81F8FA00A8F6A2 /* Debug */,
				FB0E4A881E81F8FA00A8F6A2 /* Release */,
			);
			defaultConfigurationIsVisible = 0;
			defaultConfigurationName = Release;
		};
		FB0E4A891E81F8FA00A8F6A2 /* Build configuration list for PBXNativeTarget "Others Controls in iOS" */ = {
			isa = XCConfigurationList;
			buildConfigurations = (
				FB0E4A8A1E81F8FA00A8F6A2 /* Debug */,
				FB0E4A8B1E81F8FA00A8F6A2 /* Release */,
			);
			defaultConfigurationIsVisible = 0;
		};
/* End XCConfigurationList section */
	};
	rootObject = FB0E4A6F1E81F8FA00A8F6A2 /* Project object */;
}
